
Microsoft Visual Studio Solution File, Format Version 12.00
# Visual Studio 2017
Project("{FAE04EC0-301F-11D3-BF4B-00C04F79EFBC}") = "Runner_#01_ver_10", "Runner_#01_ver_10.csproj", "{AD79F756-9C67-8104-6BE9-74CF16575AB4}"
EndProject
Project("{FAE04EC0-301F-11D3-BF4B-00C04F79EFBC}") = "Runner_#01_ver_10.Editor", "Runner_#01_ver_10.Editor.csproj", "{8ED769DF-42B0-4ACE-5392-C6A33AB6A611}"
EndProject
Global
	GlobalSection(SolutionConfigurationPlatforms) = preSolution
		Debug|Any CPU = Debug|Any CPU
		Release|Any CPU = Release|Any CPU
	EndGlobalSection
	GlobalSection(ProjectConfigurationPlatforms) = postSolution
		{AD79F756-9C67-8104-6BE9-74CF16575AB4}.Debug|Any CPU.ActiveCfg = Debug|Any CPU
		{AD79F756-9C67-8104-6BE9-74CF16575AB4}.Debug|Any CPU.Build.0 = Debug|Any CPU
		{AD79F756-9C67-8104-6BE9-74CF16575AB4}.Release|Any CPU.ActiveCfg = Release|Any CPU
		{AD79F756-9C67-8104-6BE9-74CF16575AB4}.Release|Any CPU.Build.0 = Release|Any CPU
		{8ED769DF-42B0-4ACE-5392-C6A33AB6A611}.Debug|Any CPU.ActiveCfg = Debug|Any CPU
		{8ED769DF-42B0-4ACE-5392-C6A33AB6A611}.Debug|Any CPU.Build.0 = Debug|Any CPU
		{8ED769DF-42B0-4ACE-5392-C6A33AB6A611}.Release|Any CPU.ActiveCfg = Release|Any CPU
		{8ED769DF-42B0-4ACE-5392-C6A33AB6A611}.Release|Any CPU.Build.0 = Release|Any CPU
	EndGlobalSection
	GlobalSection(SolutionProperties) = preSolution
		HideSolutionNode = FALSE
	EndGlobalSection
EndGlobal
